
Microsoft Visual Studio Solution File, Format Version 12.00
# Visual Studio 15
VisualStudioVersion = 15.0.28010.2026
MinimumVisualStudioVersion = 10.0.40219.1
Project("{FAE04EC0-301F-11D3-BF4B-00C04F79EFBC}") = "EnumUtilities", "EnumUtilities\EnumUtilities.csproj", "{6B2E2ABD-6FED-43D3-956E-F5FA950B965E}"
EndProject
Project("{FAE04EC0-301F-11D3-BF4B-00C04F79EFBC}") = "EnumUtilTests", "EnumUtilTests\EnumUtilTests.csproj", "{7D04A661-D31F-4039-99E6-BEE0ABA5FD18}"
EndProject
Global
	GlobalSection(SolutionConfigurationPlatforms) = preSolution
		Debug|Any CPU = Debug|Any CPU
		Release|Any CPU = Release|Any CPU
	EndGlobalSection
	GlobalSection(ProjectConfigurationPlatforms) = postSolution
		{6B2E2ABD-6FED-43D3-956E-F5FA950B965E}.Debug|Any CPU.ActiveCfg = Debug|Any CPU
		{6B2E2ABD-6FED-43D3-956E-F5FA950B965E}.Debug|Any CPU.Build.0 = Debug|Any CPU
		{6B2E2ABD-6FED-43D3-956E-F5FA950B965E}.Release|Any CPU.ActiveCfg = Release|Any CPU
		{6B2E2ABD-6FED-43D3-956E-F5FA950B965E}.Release|Any CPU.Build.0 = Release|Any CPU
		{7D04A661-D31F-4039-99E6-BEE0ABA5FD18}.Debug|Any CPU.ActiveCfg = Debug|Any CPU
		{7D04A661-D31F-4039-99E6-BEE0ABA5FD18}.Debug|Any CPU.Build.0 = Debug|Any CPU
		{7D04A661-D31F-4039-99E6-BEE0ABA5FD18}.Release|Any CPU.ActiveCfg = Release|Any CPU
		{7D04A661-D31F-4039-99E6-BEE0ABA5FD18}.Release|Any CPU.Build.0 = Release|Any CPU
	EndGlobalSection
	GlobalSection(SolutionProperties) = preSolution
		HideSolutionNode = FALSE
	EndGlobalSection
	GlobalSection(ExtensibilityGlobals) = postSolution
		SolutionGuid = {41F0A57B-A9A1-49EA-BFDE-8677BC2A0ED4}
	EndGlobalSection
EndGlobal
